
Microsoft Visual Studio Solution File, Format Version 12.00
# Visual Studio Version 17
VisualStudioVersion = 17.7.34202.233
MinimumVisualStudioVersion = 10.0.40219.1
Project("{FAE04EC0-301F-11D3-BF4B-00C04F79EFBC}") = "Bloggo.API", "Bloggo.API\Bloggo.API.csproj", "{2B5988E1-4AF6-4E7E-93CE-AB8E11EB3DE1}"
EndProject
Global
	GlobalSection(SolutionConfigurationPlatforms) = preSolution
		Debug|Any CPU = Debug|Any CPU
		Release|Any CPU = Release|Any CPU
	EndGlobalSection
	GlobalSection(ProjectConfigurationPlatforms) = postSolution
		{2B5988E1-4AF6-4E7E-93CE-AB8E11EB3DE1}.Debug|Any CPU.ActiveCfg = Debug|Any CPU
		{2B5988E1-4AF6-4E7E-93CE-AB8E11EB3DE1}.Debug|Any CPU.Build.0 = Debug|Any CPU
		{2B5988E1-4AF6-4E7E-93CE-AB8E11EB3DE1}.Release|Any CPU.ActiveCfg = Release|Any CPU
		{2B5988E1-4AF6-4E7E-93CE-AB8E11EB3DE1}.Release|Any CPU.Build.0 = Release|Any CPU
	EndGlobalSection
	GlobalSection(SolutionProperties) = preSolution
		HideSolutionNode = FALSE
	EndGlobalSection
	GlobalSection(ExtensibilityGlobals) = postSolution
		SolutionGuid = {4C257636-A581-4C1F-8184-8511A4D86F20}
	EndGlobalSection
EndGlobal
